
Microsoft Visual Studio Solution File, Format Version 12.00
# Visual Studio Version 17
VisualStudioVersion = 17.14.36408.4 d17.14
MinimumVisualStudioVersion = 10.0.40219.1
Project("{FAE04EC0-301F-11D3-BF4B-00C04F79EFBC}") = "herhaling_trycatch", "herhaling_trycatch\herhaling_trycatch.csproj", "{65B669CB-7FAA-4FBA-87DE-0081495853DE}"
EndProject
Global
	GlobalSection(SolutionConfigurationPlatforms) = preSolution
		Debug|Any CPU = Debug|Any CPU
		Release|Any CPU = Release|Any CPU
	EndGlobalSection
	GlobalSection(ProjectConfigurationPlatforms) = postSolution
		{65B669CB-7FAA-4FBA-87DE-0081495853DE}.Debug|Any CPU.ActiveCfg = Debug|Any CPU
		{65B669CB-7FAA-4FBA-87DE-0081495853DE}.Debug|Any CPU.Build.0 = Debug|Any CPU
		{65B669CB-7FAA-4FBA-87DE-0081495853DE}.Release|Any CPU.ActiveCfg = Release|Any CPU
		{65B669CB-7FAA-4FBA-87DE-0081495853DE}.Release|Any CPU.Build.0 = Release|Any CPU
	EndGlobalSection
	GlobalSection(SolutionProperties) = preSolution
		HideSolutionNode = FALSE
	EndGlobalSection
	GlobalSection(ExtensibilityGlobals) = postSolution
		SolutionGuid = {CE59AD22-2DA1-4DBA-8FA9-BE1FAC130663}
	EndGlobalSection
EndGlobal
