
Microsoft Visual Studio Solution File, Format Version 12.00
# Visual Studio Version 17
VisualStudioVersion = 17.14.36408.4 d17.14
MinimumVisualStudioVersion = 10.0.40219.1
Project("{FAE04EC0-301F-11D3-BF4B-00C04F79EFBC}") = "Connect4.App", "Connect4.App\Connect4.App.csproj", "{6FA7CAEE-6587-46AE-9457-E5799F2921A4}"
EndProject
Project("{FAE04EC0-301F-11D3-BF4B-00C04F79EFBC}") = "Connect4.Entities", "Connect4.Entities\Connect4.Entities.csproj", "{0F17E452-684D-4CD0-B7AD-546D77732BD9}"
EndProject
Global
	GlobalSection(SolutionConfigurationPlatforms) = preSolution
		Debug|Any CPU = Debug|Any CPU
		Release|Any CPU = Release|Any CPU
	EndGlobalSection
	GlobalSection(ProjectConfigurationPlatforms) = postSolution
		{6FA7CAEE-6587-46AE-9457-E5799F2921A4}.Debug|Any CPU.ActiveCfg = Debug|Any CPU
		{6FA7CAEE-6587-46AE-9457-E5799F2921A4}.Debug|Any CPU.Build.0 = Debug|Any CPU
		{6FA7CAEE-6587-46AE-9457-E5799F2921A4}.Release|Any CPU.ActiveCfg = Release|Any CPU
		{6FA7CAEE-6587-46AE-9457-E5799F2921A4}.Release|Any CPU.Build.0 = Release|Any CPU
		{0F17E452-684D-4CD0-B7AD-546D77732BD9}.Debug|Any CPU.ActiveCfg = Debug|Any CPU
		{0F17E452-684D-4CD0-B7AD-546D77732BD9}.Debug|Any CPU.Build.0 = Debug|Any CPU
		{0F17E452-684D-4CD0-B7AD-546D77732BD9}.Release|Any CPU.ActiveCfg = Release|Any CPU
		{0F17E452-684D-4CD0-B7AD-546D77732BD9}.Release|Any CPU.Build.0 = Release|Any CPU
	EndGlobalSection
	GlobalSection(SolutionProperties) = preSolution
		HideSolutionNode = FALSE
	EndGlobalSection
	GlobalSection(ExtensibilityGlobals) = postSolution
		SolutionGuid = {CCFA473F-6EC9-4F56-939D-E9FFEFA9ABF2}
	EndGlobalSection
EndGlobal
